{
  "version": 4,
  "terraform_version": "1.8.0",
  "serial": 10,
  "lineage": "27f1e5b6-679e-3e17-fc4f-927627df859a",
  "outputs": {},
  "resources": [
    {
      "module": "module.app_in_US",
      "mode": "managed",
      "type": "aws_dynamodb_table",
      "name": "example",
      "provider": "module.app_in_US.provider[\"registry.terraform.io/hashicorp/aws\"]",
      "instances": [
        {
          "schema_version": 1,
          "attributes": {
            "arn": "arn:aws:dynamodb:us-east-1:590183683594:table/dynamodb_chiewsheng",
            "attribute": [
              {
                "name": "TestTableHashKey",
                "type": "S"
              }
            ],
            "billing_mode": "PAY_PER_REQUEST",
            "deletion_protection_enabled": false,
            "global_secondary_index": [],
            "hash_key": "TestTableHashKey",
            "id": "dynamodb_chiewsheng",
            "import_table": [],
            "local_secondary_index": [],
            "name": "dynamodb_chiewsheng",
            "point_in_time_recovery": [
              {
                "enabled": false
              }
            ],
            "range_key": null,
            "read_capacity": 0,
            "replica": [],
            "restore_date_time": null,
            "restore_source_name": null,
            "restore_to_latest_time": null,
            "server_side_encryption": [],
            "stream_arn": "arn:aws:dynamodb:us-east-1:590183683594:table/dynamodb_chiewsheng/stream/2024-04-16T12:08:27.647",
            "stream_enabled": true,
            "stream_label": "2024-04-16T12:08:27.647",
            "stream_view_type": "NEW_AND_OLD_IMAGES",
            "table_class": "STANDARD",
            "tags": {},
            "tags_all": {},
            "timeouts": null,
            "ttl": [
              {
                "attribute_name": "",
                "enabled": false
              }
            ],
            "write_capacity": 0
          },
          "sensitive_attributes": [],
          "private": "eyJlMmJmYjczMC1lY2FhLTExZTYtOGY4OC0zNDM2M2JjN2M0YzAiOnsiY3JlYXRlIjoxODAwMDAwMDAwMDAwLCJkZWxldGUiOjYwMDAwMDAwMDAwMCwidXBkYXRlIjozNjAwMDAwMDAwMDAwfSwic2NoZW1hX3ZlcnNpb24iOiIxIn0="
        }
      ]
    }
  ],
  "check_results": null
}
